// !$*UTF8*$!
{
	archiveVersion = 1;
	classes = {
	};
	objectVersion = 77;
	objects = {

/* Begin PBXBuildFile section */
		3ACC54B32F626B55006E576A /* FirebaseAuth in Frameworks */ = {isa = PBXBuildFile; productRef = 3ACC54B22F626B55006E576A /* FirebaseAuth */; };
		3ACC54B52F626B55006E576A /* FirebaseCore in Frameworks */ = {isa = PBXBuildFile; productRef = 3ACC54B42F626B55006E576A /* FirebaseCore */; };
		3ACC54C62F627F92006E576A /* .gitignore in Resources */ = {isa = PBXBuildFile; fileRef = 3ACC54C52F627F92006E576A /* .gitignore */; };
		3ACC54D52F73AAF1006E576A /* FirebaseFirestore in Frameworks */ = {isa = PBXBuildFile; productRef = 3ACC54D42F73AAF1006E576A /* FirebaseFirestore */; };
/* End PBXBuildFile section */

/* Begin PBXContainerItemProxy section */
		3A199E0B2F42E19A0030AC0C /* PBXContainerItemProxy */ = {
			isa = PBXContainerItemProxy;
			containerPortal = 3A199DF52F42E1980030AC0C /* Project object */;
			proxyType = 1;
			remoteGlobalIDString = 3A199DFC2F42E1980030AC0C;
			remoteInfo = BearcatLib;
		};
		3A199E152F42E19A0030AC0C /* PBXContainerItemProxy */ = {
			isa = PBXContainerItemProxy;
			containerPortal = 3A199DF52F42E1980030AC0C /* Project object */;
			proxyType = 1;
			remoteGlobalIDString = 3A199DFC2F42E1980030AC0C;
			remoteInfo = BearcatLib;
		};
/* End PBXContainerItemProxy section */

/* Begin PBXFileReference section */
		3A199DFD2F42E1980030AC0C /* BearcatLib.app */ = {isa = PBXFileReference; explicitFileType = wrapper.application; includeInIndex = 0; path = BearcatLib.app; sourceTree = BUILT_PRODUCTS_DIR; };
		3A199E0A2F42E19A0030AC0C /* BearcatLibTests.xctest */ = {isa = PBXFileReference; explicitFileType = wrapper.cfbundle; includeInIndex = 0; path = BearcatLibTests.xctest; sourceTree = BUILT_PRODUCTS_DIR; };
		3A199E142F42E19A0030AC0C /* BearcatLibUITests.xctest */ = {isa = PBXFileReference; explicitFileType = wrapper.cfbundle; includeInIndex = 0; path = BearcatLibUITests.xctest; sourceTree = BUILT_PRODUCTS_DIR; };
		3ACC54C52F627F92006E576A /* .gitignore */ = {isa = PBXFileReference; lastKnownFileType = text; path = .gitignore; sourceTree = "<group>"; };
/* End PBXFileReference section */

/* Begin PBXFileSystemSynchronizedBuildFileExceptionSet section */
		3A199E382F43DD530030AC0C /* Exceptions for "BearcatLib" folder in "BearcatLib" target */ = {
			isa = PBXFileSystemSynchronizedBuildFileExceptionSet;
			membershipExceptions = (
				Assets.xcassets,
				BearcatLibApp.swift,
				"GoogleService-Info.plist",
				Models/Book.swift,
				Models/Checkout.swift,
				Services/AuthService.swift,
				Services/BookService.swift,
				Services/CheckoutService.swift,
				Utilities/AppSettings.swift,
				Utilities/BearcatLibLogo.swift,
				Utilities/SampleData.swift,
				Utilities/Theme.swift,
				ViewModels/AuthViewModel.swift,
				Views/BookCardView.swift,
				Views/BookDetailView.swift,
				Views/BookSearch/BookRowView.swift,
				Views/DigitalResourcesView.swift,
				Views/ForgotPasswordView.swift,
				Views/HomeView.swift,
				Views/LoginView.swift,
				Views/MainTabView.swift,
				Views/MyBooksView.swift,
				Views/NotificationsView.swift,
				Views/ProfileView.swift,
				Views/RegisterView.swift,
				Views/SearchView.swift,
				Views/WelcomeView.swift,
			);
			target = 3A199DFC2F42E1980030AC0C /* BearcatLib */;
		};
		3A199E392F43DD530030AC0C /* Exceptions for "BearcatLib" folder in "BearcatLibUITests" target */ = {
			isa = PBXFileSystemSynchronizedBuildFileExceptionSet;
			membershipExceptions = (
				Assets.xcassets,
				BearcatLibApp.swift,
				"GoogleService-Info.plist",
			);
			target = 3A199E132F42E19A0030AC0C /* BearcatLibUITests */;
		};
		3A199E782F444C660030AC0C /* Exceptions for "BearcatLib" folder in "BearcatLibTests" target */ = {
			isa = PBXFileSystemSynchronizedBuildFileExceptionSet;
			membershipExceptions = (
				Models/Checkout.swift,
				Services/BookService.swift,
				Services/CheckoutService.swift,
				Views/BookCardView.swift,
				Views/BookDetailView.swift,
				Views/DigitalResourcesView.swift,
				Views/HomeView.swift,
				Views/MainTabView.swift,
				Views/MyBooksView.swift,
				Views/NotificationsView.swift,
				Views/ProfileView.swift,
				Views/SearchView.swift,
			);
			target = 3A199E092F42E19A0030AC0C /* BearcatLibTests */;
		};
/* End PBXFileSystemSynchronizedBuildFileExceptionSet section */

/* Begin PBXFileSystemSynchronizedRootGroup section */
		3A199E0D2F42E19A0030AC0C /* BearcatLibTests */ = {
			isa = PBXFileSystemSynchronizedRootGroup;
			path = BearcatLibTests;
			sourceTree = "<group>";
		};
		3A199E172F42E19A0030AC0C /* BearcatLibUITests */ = {
			isa = PBXFileSystemSynchronizedRootGroup;
			path = BearcatLibUITests;
			sourceTree = "<group>";
		};
		3A199E342F43DD530030AC0C /* BearcatLib */ = {
			isa = PBXFileSystemSynchronizedRootGroup;
			exceptions = (
				3A199E382F43DD530030AC0C /* Exceptions for "BearcatLib" folder in "BearcatLib" target */,
				3A199E782F444C660030AC0C /* Exceptions for "BearcatLib" folder in "BearcatLibTests" target */,
				3A199E392F43DD530030AC0C /* Exceptions for "BearcatLib" folder in "BearcatLibUITests" target */,
			);
			path = BearcatLib;
			sourceTree = "<group>";
		};
/* End PBXFileSystemSynchronizedRootGroup section */

/* Begin PBXFrameworksBuildPhase section */
		3A199DFA2F42E1980030AC0C /* Frameworks */ = {
			isa = PBXFrameworksBuildPhase;
			buildActionMask = 2147483647;
			files = (
				3ACC54B52F626B55006E576A /* FirebaseCore in Frameworks */,
				3ACC54B32F626B55006E576A /* FirebaseAuth in Frameworks */,
				3ACC54D52F73AAF1006E576A /* FirebaseFirestore in Frameworks */,
			);
			runOnlyForDeploymentPostprocessing = 0;
		};
		3A199E072F42E19A0030AC0C /* Frameworks */ = {
			isa = PBXFrameworksBuildPhase;
			buildActionMask = 2147483647;
			files = (
			);
			runOnlyForDeploymentPostprocessing = 0;
		};
		3A199E112F42E19A0030AC0C /* Frameworks */ = {
			isa = PBXFrameworksBuildPhase;
			buildActionMask = 2147483647;
			files = (
			);
			runOnlyForDeploymentPostprocessing = 0;
		};
/* End PBXFrameworksBuildPhase section */

/* Begin PBXGroup section */
		3A199DF42F42E1980030AC0C = {
			isa = PBXGroup;
			children = (
				3A199E342F43DD530030AC0C /* BearcatLib */,
				3A199E172F42E19A0030AC0C /* BearcatLibUITests */,
				3A199DFE2F42E1980030AC0C /* Products */,
				3A199E0D2F42E19A0030AC0C /* BearcatLibTests */,
				3ACC54C52F627F92006E576A /* .gitignore */,
				3ACC54D32F73AAF1006E576A /* Frameworks */,
			);
			sourceTree = "<group>";
		};
		3A199DFE2F42E1980030AC0C /* Products */ = {
			isa = PBXGroup;
			children = (
				3A199DFD2F42E1980030AC0C /* BearcatLib.app */,
				3A199E0A2F42E19A0030AC0C /* BearcatLibTests.xctest */,
				3A199E142F42E19A0030AC0C /* BearcatLibUITests.xctest */,
			);
			name = Products;
			sourceTree = "<group>";
		};
		3ACC54D32F73AAF1006E576A /* Frameworks */ = {
			isa = PBXGroup;
			children = (
			);
			name = Frameworks;
			sourceTree = "<group>";
		};
/* End PBXGroup section */

/* Begin PBXNativeTarget section */
		3A199DFC2F42E1980030AC0C /* BearcatLib */ = {
			isa = PBXNativeTarget;
			buildConfigurationList = 3A199E1E2F42E19A0030AC0C /* Build configuration list for PBXNativeTarget "BearcatLib" */;
			buildPhases = (
				3A199DF92F42E1980030AC0C /* Sources */,
				3A199DFA2F42E1980030AC0C /* Frameworks */,
				3A199DFB2F42E1980030AC0C /* Resources */,
			);
			buildRules = (
			);
			dependencies = (
			);
			name = BearcatLib;
			packageProductDependencies = (
				3ACC54B22F626B55006E576A /* FirebaseAuth */,
				3ACC54B42F626B55006E576A /* FirebaseCore */,
				3ACC54D42F73AAF1006E576A /* FirebaseFirestore */,
			);
			productName = BearcatLib;
			productReference = 3A199DFD2F42E1980030AC0C /* BearcatLib.app */;
			productType = "com.apple.product-type.application";
		};
		3A199E092F42E19A0030AC0C /* BearcatLibTests */ = {
			isa = PBXNativeTarget;
			buildConfigurationList = 3A199E212F42E19A0030AC0C /* Build configuration list for PBXNativeTarget "BearcatLibTests" */;
			buildPhases = (
				3A199E062F42E19A0030AC0C /* Sources */,
				3A199E072F42E19A0030AC0C /* Frameworks */,
				3A199E082F42E19A0030AC0C /* Resources */,
			);
			buildRules = (
			);
			dependencies = (
				3A199E0C2F42E19A0030AC0C /* PBXTargetDependency */,
			);
			fileSystemSynchronizedGroups = (
				3A199E0D2F42E19A0030AC0C /* BearcatLibTests */,
			);
			name = BearcatLibTests;
			packageProductDependencies = (
			);
			productName = BearcatLibTests;
			productReference = 3A199E0A2F42E19A0030AC0C /* BearcatLibTests.xctest */;
			productType = "com.apple.product-type.bundle.unit-test";
		};
		3A199E132F42E19A0030AC0C /* BearcatLibUITests */ = {
			isa = PBXNativeTarget;
			buildConfigurationList = 3A199E242F42E19A0030AC0C /* Build configuration list for PBXNativeTarget "BearcatLibUITests" */;
			buildPhases = (
				3A199E102F42E19A0030AC0C /* Sources */,
				3A199E112F42E19A0030AC0C /* Frameworks */,
				3A199E122F42E19A0030AC0C /* Resources */,
			);
			buildRules = (
			);
			dependencies = (
				3A199E162F42E19A0030AC0C /* PBXTargetDependency */,
			);
			fileSystemSynchronizedGroups = (
				3A199E172F42E19A0030AC0C /* BearcatLibUITests */,
				3A199E342F43DD530030AC0C /* BearcatLib */,
			);
			name = BearcatLibUITests;
			packageProductDependencies = (
			);
			productName = BearcatLibUITests;
			productReference = 3A199E142F42E19A0030AC0C /* BearcatLibUITests.xctest */;
			productType = "com.apple.product-type.bundle.ui-testing";
		};
/* End PBXNativeTarget section */

/* Begin PBXProject section */
		3A199DF52F42E1980030AC0C /* Project object */ = {
			isa = PBXProject;
			attributes = {
				BuildIndependentTargetsInParallel = 1;
				LastSwiftUpdateCheck = 2620;
				LastUpgradeCheck = 2620;
				TargetAttributes = {
					3A199DFC2F42E1980030AC0C = {
						CreatedOnToolsVersion = 26.2;
					};
					3A199E092F42E19A0030AC0C = {
						CreatedOnToolsVersion = 26.2;
						TestTargetID = 3A199DFC2F42E1980030AC0C;
					};
					3A199E132F42E19A0030AC0C = {
						CreatedOnToolsVersion = 26.2;
						TestTargetID = 3A199DFC2F42E1980030AC0C;
					};
				};
			};
			buildConfigurationList = 3A199DF82F42E1980030AC0C /* Build configuration list for PBXProject "BearcatLib" */;
			developmentRegion = en;
			hasScannedForEncodings = 0;
			knownRegions = (
				en,
				Base,
			);
			mainGroup = 3A199DF42F42E1980030AC0C;
			minimizedProjectReferenceProxies = 1;
			packageReferences = (
				3ACC54B12F626B55006E576A /* XCRemoteSwiftPackageReference "firebase-ios-sdk" */,
			);
			preferredProjectObjectVersion = 77;
			productRefGroup = 3A199DFE2F42E1980030AC0C /* Products */;
			projectDirPath = "";
			projectRoot = "";
			targets = (
				3A199DFC2F42E1980030AC0C /* BearcatLib */,
				3A199E092F42E19A0030AC0C /* BearcatLibTests */,
				3A199E132F42E19A0030AC0C /* BearcatLibUITests */,
			);
		};
/* End PBXProject section */

/* Begin PBXResourcesBuildPhase section */
		3A199DFB2F42E1980030AC0C /* Resources */ = {
			isa = PBXResourcesBuildPhase;
			buildActionMask = 2147483647;
			files = (
				3ACC54C62F627F92006E576A /* .gitignore in Resources */,
			);
			runOnlyForDeploymentPostprocessing = 0;
		};
		3A199E082F42E19A0030AC0C /* Resources */ = {
			isa = PBXResourcesBuildPhase;
			buildActionMask = 2147483647;
			files = (
			);
			runOnlyForDeploymentPostprocessing = 0;
		};
		3A199E122F42E19A0030AC0C /* Resources */ = {
			isa = PBXResourcesBuildPhase;
			buildActionMask = 2147483647;
			files = (
			);
			runOnlyForDeploymentPostprocessing = 0;
		};
/* End PBXResourcesBuildPhase section */

/* Begin PBXSourcesBuildPhase section */
		3A199DF92F42E1980030AC0C /* Sources */ = {
			isa = PBXSourcesBuildPhase;
			buildActionMask = 2147483647;
			files = (
			);
			runOnlyForDeploymentPostprocessing = 0;
		};
		3A199E062F42E19A0030AC0C /* Sources */ = {
			isa = PBXSourcesBuildPhase;
			buildActionMask = 2147483647;
			files = (
			);
			runOnlyForDeploymentPostprocessing = 0;
		};
		3A199E102F42E19A0030AC0C /* Sources */ = {
			isa = PBXSourcesBuildPhase;
			buildActionMask = 2147483647;
			files = (
			);
			runOnlyForDeploymentPostprocessing = 0;
		};
/* End PBXSourcesBuildPhase section */

/* Begin PBXTargetDependency section */
		3A199E0C2F42E19A0030AC0C /* PBXTargetDependency */ = {
			isa = PBXTargetDependency;
			target = 3A199DFC2F42E1980030AC0C /* BearcatLib */;
			targetProxy = 3A199E0B2F42E19A0030AC0C /* PBXContainerItemProxy */;
		};
		3A199E162F42E19A0030AC0C /* PBXTargetDependency */ = {
			isa = PBXTargetDependency;
			target = 3A199DFC2F42E1980030AC0C /* BearcatLib */;
			targetProxy = 3A199E152F42E19A0030AC0C /* PBXContainerItemProxy */;
		};
/* End PBXTargetDependency section */

/* Begin XCBuildConfiguration section */
		3A199E1C2F42E19A0030AC0C /* Debug */ = {
			isa = XCBuildConfiguration;
			buildSettings = {
				ALWAYS_SEARCH_USER_PATHS = NO;
				ASSETCATALOG_COMPILER_GENERATE_SWIFT_ASSET_SYMBOL_EXTENSIONS = YES;
				CLANG_ANALYZER_NONNULL = YES;
				CLANG_ANALYZER_NUMBER_OBJECT_CONVERSION = YES_AGGRESSIVE;
				CLANG_CXX_LANGUAGE_STANDARD = "gnu++20";
				CLANG_ENABLE_MODULES = YES;
				CLANG_ENABLE_OBJC_ARC = YES;
				CLANG_ENABLE_OBJC_WEAK = YES;
				CLANG_WARN_BLOCK_CAPTURE_AUTORELEASING = YES;
				CLANG_WARN_BOOL_CONVERSION = YES;
				CLANG_WARN_COMMA = YES;
				CLANG_WARN_CONSTANT_CONVERSION = YES;
				CLANG_WARN_DEPRECATED_OBJC_IMPLEMENTATIONS = YES;
				CLANG_WARN_DIRECT_OBJC_ISA_USAGE = YES_ERROR;
				CLANG_WARN_DOCUMENTATION_COMMENTS = YES;
				CLANG_WARN_EMPTY_BODY = YES;
				CLANG_WARN_ENUM_CONVERSION = YES;
				CLANG_WARN_INFINITE_RECURSION = YES;
				CLANG_WARN_INT_CONVERSION = YES;
				CLANG_WARN_NON_LITERAL_NULL_CONVERSION = YES;
				CLANG_WARN_OBJC_IMPLICIT_RETAIN_SELF = YES;
				CLANG_WARN_OBJC_LITERAL_CONVERSION = YES;
				CLANG_WARN_OBJC_ROOT_CLASS = YES_ERROR;
				CLANG_WARN_QUOTED_INCLUDE_IN_FRAMEWORK_HEADER = YES;
				CLANG_WARN_RANGE_LOOP_ANALYSIS = YES;
				CLANG_WARN_STRICT_PROTOTYPES = YES;
				CLANG_WARN_SUSPICIOUS_MOVE = YES;
				CLANG_WARN_UNGUARDED_AVAILABILITY = YES_AGGRESSIVE;
				CLANG_WARN_UNREACHABLE_CODE = YES;
				CLANG_WARN__DUPLICATE_METHOD_MATCH = YES;
				COPY_PHASE_STRIP = NO;
				DEBUG_INFORMATION_FORMAT = dwarf;
				ENABLE_STRICT_OBJC_MSGSEND = YES;
				ENABLE_TESTABILITY = YES;
				ENABLE_USER_SCRIPT_SANDBOXING = YES;
				GCC_C_LANGUAGE_STANDARD = gnu17;
				GCC_DYNAMIC_NO_PIC = NO;
				GCC_NO_COMMON_BLOCKS = YES;
				GCC_OPTIMIZATION_LEVEL = 0;
				GCC_PREPROCESSOR_DEFINITIONS = (
					"DEBUG=1",
					"$(inherited)",
				);
				GCC_WARN_64_TO_32_BIT_CONVERSION = YES;
				GCC_WARN_ABOUT_RETURN_TYPE = YES_ERROR;
				GCC_WARN_UNDECLARED_SELECTOR = YES;
				GCC_WARN_UNINITIALIZED_AUTOS = YES_AGGRESSIVE;
				GCC_WARN_UNUSED_FUNCTION = YES;
				GCC_WARN_UNUSED_VARIABLE = YES;
				IPHONEOS_DEPLOYMENT_TARGET = 26.2;
				LOCALIZATION_PREFERS_STRING_CATALOGS = YES;
				MTL_ENABLE_DEBUG_INFO = INCLUDE_SOURCE;
				MTL_FAST_MATH = YES;
				ONLY_ACTIVE_ARCH = YES;
				SDKROOT = iphoneos;
				SWIFT_ACTIVE_COMPILATION_CONDITIONS = "DEBUG $(inherited)";
				SWIFT_OPTIMIZATION_LEVEL = "-Onone";
			};
			name = Debug;
		};
		3A199E1D2F42E19A0030AC0C /* Release */ = {
			isa = XCBuildConfiguration;
			buildSettings = {
				ALWAYS_SEARCH_USER_PATHS = NO;
				ASSETCATALOG_COMPILER_GENERATE_SWIFT_ASSET_SYMBOL_EXTENSIONS = YES;
				CLANG_ANALYZER_NONNULL = YES;
				CLANG_ANALYZER_NUMBER_OBJECT_CONVERSION = YES_AGGRESSIVE;
				CLANG_CXX_LANGUAGE_STANDARD = "gnu++20";
				CLANG_ENABLE_MODULES = YES;
				CLANG_ENABLE_OBJC_ARC = YES;
				CLANG_ENABLE_OBJC_WEAK = YES;
				CLANG_WARN_BLOCK_CAPTURE_AUTORELEASING = YES;
				CLANG_WARN_BOOL_CONVERSION = YES;
				CLANG_WARN_COMMA = YES;
				CLANG_WARN_CONSTANT_CONVERSION = YES;
				CLANG_WARN_DEPRECATED_OBJC_IMPLEMENTATIONS = YES;
				CLANG_WARN_DIRECT_OBJC_ISA_USAGE = YES_ERROR;
				CLANG_WARN_DOCUMENTATION_COMMENTS = YES;
				CLANG_WARN_EMPTY_BODY = YES;
				CLANG_WARN_ENUM_CONVERSION = YES;
				CLANG_WARN_INFINITE_RECURSION = YES;
				CLANG_WARN_INT_CONVERSION = YES;
				CLANG_WARN_NON_LITERAL_NULL_CONVERSION = YES;
				CLANG_WARN_OBJC_IMPLICIT_RETAIN_SELF = YES;
				CLANG_WARN_OBJC_LITERAL_CONVERSION = YES;
				CLANG_WARN_OBJC_ROOT_CLASS = YES_ERROR;
				CLANG_WARN_QUOTED_INCLUDE_IN_FRAMEWORK_HEADER = YES;
				CLANG_WARN_RANGE_LOOP_ANALYSIS = YES;
				CLANG_WARN_STRICT_PROTOTYPES = YES;
				CLANG_WARN_SUSPICIOUS_MOVE = YES;
				CLANG_WARN_UNGUARDED_AVAILABILITY = YES_AGGRESSIVE;
				CLANG_WARN_UNREACHABLE_CODE = YES;
				CLANG_WARN__DUPLICATE_METHOD_MATCH = YES;
				COPY_PHASE_STRIP = NO;
				DEBUG_INFORMATION_FORMAT = "dwarf-with-dsym";
				ENABLE_NS_ASSERTIONS = NO;
				ENABLE_STRICT_OBJC_MSGSEND = YES;
				ENABLE_USER_SCRIPT_SANDBOXING = YES;
				GCC_C_LANGUAGE_STANDARD = gnu17;
				GCC_NO_COMMON_BLOCKS = YES;
				GCC_WARN_64_TO_32_BIT_CONVERSION = YES;
				GCC_WARN_ABOUT_RETURN_TYPE = YES_ERROR;
				GCC_WARN_UNDECLARED_SELECTOR = YES;
				GCC_WARN_UNINITIALIZED_AUTOS = YES_AGGRESSIVE;
				GCC_WARN_UNUSED_FUNCTION = YES;
				GCC_WARN_UNUSED_VARIABLE = YES;
				IPHONEOS_DEPLOYMENT_TARGET = 26.2;
				LOCALIZATION_PREFERS_STRING_CATALOGS = YES;
				MTL_ENABLE_DEBUG_INFO = NO;
				MTL_FAST_MATH = YES;
				SDKROOT = iphoneos;
				SWIFT_COMPILATION_MODE = wholemodule;
				VALIDATE_PRODUCT = YES;
			};
			name = Release;
		};
		3A199E1F2F42E19A0030AC0C /* Debug */ = {
			isa = XCBuildConfiguration;
			buildSettings = {
				ASSETCATALOG_COMPILER_APPICON_NAME = AppIcon;
				ASSETCATALOG_COMPILER_GLOBAL_ACCENT_COLOR_NAME = AccentColor;
				CODE_SIGN_STYLE = Automatic;
				CURRENT_PROJECT_VERSION = 1;
				ENABLE_PREVIEWS = YES;
				GENERATE_INFOPLIST_FILE = YES;
				INFOPLIST_KEY_UIApplicationSceneManifest_Generation = YES;
				INFOPLIST_KEY_UIApplicationSupportsIndirectInputEvents = YES;
				INFOPLIST_KEY_NSCameraUsageDescription = "BearcatLib uses your camera to scan book barcodes and look them up in the library catalog.";
				INFOPLIST_KEY_UILaunchScreen_Generation = YES;
				INFOPLIST_KEY_UISupportedInterfaceOrientations_iPad = "UIInterfaceOrientationPortrait UIInterfaceOrientationPortraitUpsideDown UIInterfaceOrientationLandscapeLeft UIInterfaceOrientationLandscapeRight";
				INFOPLIST_KEY_UISupportedInterfaceOrientations_iPhone = "UIInterfaceOrientationPortrait UIInterfaceOrientationLandscapeLeft UIInterfaceOrientationLandscapeRight";
				LD_RUNPATH_SEARCH_PATHS = (
					"$(inherited)",
					"@executable_path/Frameworks",
				);
				MARKETING_VERSION = 1.0;
				PRODUCT_BUNDLE_IDENTIFIER = com.jmusenge.BearcatLib;
				PRODUCT_NAME = "$(TARGET_NAME)";
				STRING_CATALOG_GENERATE_SYMBOLS = YES;
				SWIFT_APPROACHABLE_CONCURRENCY = YES;
				SWIFT_DEFAULT_ACTOR_ISOLATION = MainActor;
				SWIFT_EMIT_LOC_STRINGS = YES;
				SWIFT_UPCOMING_FEATURE_MEMBER_IMPORT_VISIBILITY = YES;
				SWIFT_VERSION = 5.0;
				TARGETED_DEVICE_FAMILY = "1,2";
			};
			name = Debug;
		};
		3A199E202F42E19A0030AC0C /* Release */ = {
			isa = XCBuildConfiguration;
			buildSettings = {
				ASSETCATALOG_COMPILER_APPICON_NAME = AppIcon;
				ASSETCATALOG_COMPILER_GLOBAL_ACCENT_COLOR_NAME = AccentColor;
				CODE_SIGN_STYLE = Automatic;
				CURRENT_PROJECT_VERSION = 1;
				ENABLE_PREVIEWS = YES;
				GENERATE_INFOPLIST_FILE = YES;
				INFOPLIST_KEY_UIApplicationSceneManifest_Generation = YES;
				INFOPLIST_KEY_UIApplicationSupportsIndirectInputEvents = YES;
				INFOPLIST_KEY_NSCameraUsageDescription = "BearcatLib uses your camera to scan book barcodes and look them up in the library catalog.";
				INFOPLIST_KEY_UILaunchScreen_Generation = YES;
				INFOPLIST_KEY_UISupportedInterfaceOrientations_iPad = "UIInterfaceOrientationPortrait UIInterfaceOrientationPortraitUpsideDown UIInterfaceOrientationLandscapeLeft UIInterfaceOrientationLandscapeRight";
				INFOPLIST_KEY_UISupportedInterfaceOrientations_iPhone = "UIInterfaceOrientationPortrait UIInterfaceOrientationLandscapeLeft UIInterfaceOrientationLandscapeRight";
				LD_RUNPATH_SEARCH_PATHS = (
					"$(inherited)",
					"@executable_path/Frameworks",
				);
				MARKETING_VERSION = 1.0;
				PRODUCT_BUNDLE_IDENTIFIER = com.jmusenge.BearcatLib;
				PRODUCT_NAME = "$(TARGET_NAME)";
				STRING_CATALOG_GENERATE_SYMBOLS = YES;
				SWIFT_APPROACHABLE_CONCURRENCY = YES;
				SWIFT_DEFAULT_ACTOR_ISOLATION = MainActor;
				SWIFT_EMIT_LOC_STRINGS = YES;
				SWIFT_UPCOMING_FEATURE_MEMBER_IMPORT_VISIBILITY = YES;
				SWIFT_VERSION = 5.0;
				TARGETED_DEVICE_FAMILY = "1,2";
			};
			name = Release;
		};
		3A199E222F42E19A0030AC0C /* Debug */ = {
			isa = XCBuildConfiguration;
			buildSettings = {
				BUNDLE_LOADER = "$(TEST_HOST)";
				CODE_SIGN_STYLE = Automatic;
				CURRENT_PROJECT_VERSION = 1;
				GENERATE_INFOPLIST_FILE = YES;
				IPHONEOS_DEPLOYMENT_TARGET = 26.2;
				MARKETING_VERSION = 1.0;
				PRODUCT_BUNDLE_IDENTIFIER = com.jmusenge.BearcatLibTests;
				PRODUCT_NAME = "$(TARGET_NAME)";
				STRING_CATALOG_GENERATE_SYMBOLS = NO;
				SWIFT_APPROACHABLE_CONCURRENCY = YES;
				SWIFT_EMIT_LOC_STRINGS = NO;
				SWIFT_UPCOMING_FEATURE_MEMBER_IMPORT_VISIBILITY = YES;
				SWIFT_VERSION = 5.0;
				TARGETED_DEVICE_FAMILY = "1,2";
				TEST_HOST = "$(BUILT_PRODUCTS_DIR)/BearcatLib.app/$(BUNDLE_EXECUTABLE_FOLDER_PATH)/BearcatLib";
			};
			name = Debug;
		};
		3A199E232F42E19A0030AC0C /* Release */ = {
			isa = XCBuildConfiguration;
			buildSettings = {
				BUNDLE_LOADER = "$(TEST_HOST)";
				CODE_SIGN_STYLE = Automatic;
				CURRENT_PROJECT_VERSION = 1;
				GENERATE_INFOPLIST_FILE = YES;
				IPHONEOS_DEPLOYMENT_TARGET = 26.2;
				MARKETING_VERSION = 1.0;
				PRODUCT_BUNDLE_IDENTIFIER = com.jmusenge.BearcatLibTests;
				PRODUCT_NAME = "$(TARGET_NAME)";
				STRING_CATALOG_GENERATE_SYMBOLS = NO;
				SWIFT_APPROACHABLE_CONCURRENCY = YES;
				SWIFT_EMIT_LOC_STRINGS = NO;
				SWIFT_UPCOMING_FEATURE_MEMBER_IMPORT_VISIBILITY = YES;
				SWIFT_VERSION = 5.0;
				TARGETED_DEVICE_FAMILY = "1,2";
				TEST_HOST = "$(BUILT_PRODUCTS_DIR)/BearcatLib.app/$(BUNDLE_EXECUTABLE_FOLDER_PATH)/BearcatLib";
			};
			name = Release;
		};
		3A199E252F42E19A0030AC0C /* Debug */ = {
			isa = XCBuildConfiguration;
			buildSettings = {
				CODE_SIGN_STYLE = Automatic;
				CURRENT_PROJECT_VERSION = 1;
				GENERATE_INFOPLIST_FILE = YES;
				MARKETING_VERSION = 1.0;
				PRODUCT_BUNDLE_IDENTIFIER = com.jmusenge.BearcatLibUITests;
				PRODUCT_NAME = "$(TARGET_NAME)";
				STRING_CATALOG_GENERATE_SYMBOLS = NO;
				SWIFT_APPROACHABLE_CONCURRENCY = YES;
				SWIFT_EMIT_LOC_STRINGS = NO;
				SWIFT_UPCOMING_FEATURE_MEMBER_IMPORT_VISIBILITY = YES;
				SWIFT_VERSION = 5.0;
				TARGETED_DEVICE_FAMILY = "1,2";
				TEST_TARGET_NAME = BearcatLib;
			};
			name = Debug;
		};
		3A199E262F42E19A0030AC0C /* Release */ = {
			isa = XCBuildConfiguration;
			buildSettings = {
				CODE_SIGN_STYLE = Automatic;
				CURRENT_PROJECT_VERSION = 1;
				GENERATE_INFOPLIST_FILE = YES;
				MARKETING_VERSION = 1.0;
				PRODUCT_BUNDLE_IDENTIFIER = com.jmusenge.BearcatLibUITests;
				PRODUCT_NAME = "$(TARGET_NAME)";
				STRING_CATALOG_GENERATE_SYMBOLS = NO;
				SWIFT_APPROACHABLE_CONCURRENCY = YES;
				SWIFT_EMIT_LOC_STRINGS = NO;
				SWIFT_UPCOMING_FEATURE_MEMBER_IMPORT_VISIBILITY = YES;
				SWIFT_VERSION = 5.0;
				TARGETED_DEVICE_FAMILY = "1,2";
				TEST_TARGET_NAME = BearcatLib;
			};
			name = Release;
		};
/* End XCBuildConfiguration section */

/* Begin XCConfigurationList section */
		3A199DF82F42E1980030AC0C /* Build configuration list for PBXProject "BearcatLib" */ = {
			isa = XCConfigurationList;
			buildConfigurations = (
				3A199E1C2F42E19A0030AC0C /* Debug */,
				3A199E1D2F42E19A0030AC0C /* Release */,
			);
			defaultConfigurationIsVisible = 0;
			defaultConfigurationName = Release;
		};
		3A199E1E2F42E19A0030AC0C /* Build configuration list for PBXNativeTarget "BearcatLib" */ = {
			isa = XCConfigurationList;
			buildConfigurations = (
				3A199E1F2F42E19A0030AC0C /* Debug */,
				3A199E202F42E19A0030AC0C /* Release */,
			);
			defaultConfigurationIsVisible = 0;
			defaultConfigurationName = Release;
		};
		3A199E212F42E19A0030AC0C /* Build configuration list for PBXNativeTarget "BearcatLibTests" */ = {
			isa = XCConfigurationList;
			buildConfigurations = (
				3A199E222F42E19A0030AC0C /* Debug */,
				3A199E232F42E19A0030AC0C /* Release */,
			);
			defaultConfigurationIsVisible = 0;
			defaultConfigurationName = Release;
		};
		3A199E242F42E19A0030AC0C /* Build configuration list for PBXNativeTarget "BearcatLibUITests" */ = {
			isa = XCConfigurationList;
			buildConfigurations = (
				3A199E252F42E19A0030AC0C /* Debug */,
				3A199E262F42E19A0030AC0C /* Release */,
			);
			defaultConfigurationIsVisible = 0;
			defaultConfigurationName = Release;
		};
/* End XCConfigurationList section */

/* Begin XCRemoteSwiftPackageReference section */
		3ACC54B12F626B55006E576A /* XCRemoteSwiftPackageReference "firebase-ios-sdk" */ = {
			isa = XCRemoteSwiftPackageReference;
			repositoryURL = "https://github.com/firebase/firebase-ios-sdk";
			requirement = {
				kind = upToNextMajorVersion;
				minimumVersion = 12.10.0;
			};
		};
/* End XCRemoteSwiftPackageReference section */

/* Begin XCSwiftPackageProductDependency section */
		3ACC54B22F626B55006E576A /* FirebaseAuth */ = {
			isa = XCSwiftPackageProductDependency;
			package = 3ACC54B12F626B55006E576A /* XCRemoteSwiftPackageReference "firebase-ios-sdk" */;
			productName = FirebaseAuth;
		};
		3ACC54B42F626B55006E576A /* FirebaseCore */ = {
			isa = XCSwiftPackageProductDependency;
			package = 3ACC54B12F626B55006E576A /* XCRemoteSwiftPackageReference "firebase-ios-sdk" */;
			productName = FirebaseCore;
		};
		3ACC54D42F73AAF1006E576A /* FirebaseFirestore */ = {
			isa = XCSwiftPackageProductDependency;
			package = 3ACC54B12F626B55006E576A /* XCRemoteSwiftPackageReference "firebase-ios-sdk" */;
			productName = FirebaseFirestore;
		};
/* End XCSwiftPackageProductDependency section */
	};
	rootObject = 3A199DF52F42E1980030AC0C /* Project object */;
}
